{
  "version": 4,
  "terraform_version": "0.12.3",
  "serial": 138,
  "lineage": "69862ef7-0ba3-a584-b41a-1404c39e9abe",
  "outputs": {},
  "resources": [
    {
      "mode": "managed",
      "type": "azurerm_network_interface",
      "name": "main",
      "provider": "provider.azurerm",
      "instances": [
        {
          "schema_version": 0,
          "attributes": {
            "applied_dns_servers": [],
            "dns_servers": [],
            "enable_accelerated_networking": false,
            "enable_ip_forwarding": false,
            "id": "/subscriptions/915e00c1-76da-4e21-ab49-53bb8104f3ba/resourceGroups/vmACex-resources/providers/Microsoft.Network/networkInterfaces/vmACex-nic",
            "internal_dns_name_label": "",
            "internal_fqdn": "",
            "ip_configuration": [
              {
                "application_gateway_backend_address_pools_ids": [],
                "application_security_group_ids": [],
                "load_balancer_backend_address_pools_ids": [],
                "load_balancer_inbound_nat_rules_ids": [],
                "name": "testconfiguration1",
                "primary": true,
                "private_ip_address": "",
                "private_ip_address_allocation": "dynamic",
                "private_ip_address_version": "IPv4",
                "public_ip_address_id": "/subscriptions/915e00c1-76da-4e21-ab49-53bb8104f3ba/resourceGroups/vmACex-resources/providers/Microsoft.Network/publicIPAddresses/myPublicIP",
                "subnet_id": "/subscriptions/915e00c1-76da-4e21-ab49-53bb8104f3ba/resourceGroups/vmACex-resources/providers/Microsoft.Network/virtualNetworks/vmACex-network/subnets/internal"
              }
            ],
            "location": "uksouth",
            "mac_address": "",
            "name": "vmACex-nic",
            "network_security_group_id": "/subscriptions/915e00c1-76da-4e21-ab49-53bb8104f3ba/resourceGroups/vmACex-resources/providers/Microsoft.Network/networkSecurityGroups/myNetworkSecurityGroup",
            "private_ip_address": "10.0.2.4",
            "private_ip_addresses": [
              "10.0.2.4"
            ],
            "resource_group_name": "vmACex-resources",
            "tags": {},
            "virtual_machine_id": null
          },
          "private": "bnVsbA==",
          "depends_on": [
            "azurerm_network_security_group.main",
            "azurerm_public_ip.main",
            "azurerm_resource_group.main",
            "azurerm_subnet.internal"
          ]
        }
      ]
    },
    {
      "mode": "managed",
      "type": "azurerm_network_security_group",
      "name": "main",
      "provider": "provider.azurerm",
      "instances": [
        {
          "schema_version": 0,
          "attributes": {
            "id": "/subscriptions/915e00c1-76da-4e21-ab49-53bb8104f3ba/resourceGroups/vmACex-resources/providers/Microsoft.Network/networkSecurityGroups/myNetworkSecurityGroup",
            "location": "uksouth",
            "name": "myNetworkSecurityGroup",
            "resource_group_name": "vmACex-resources",
            "security_rule": [
              {
                "access": "Allow",
                "description": "",
                "destination_address_prefix": "*",
                "destination_address_prefixes": [],
                "destination_application_security_group_ids": [],
                "destination_port_range": "22",
                "destination_port_ranges": [],
                "direction": "Inbound",
                "name": "SSH",
                "priority": 200,
                "protocol": "Tcp",
                "source_address_prefix": "*",
                "source_address_prefixes": [],
                "source_application_security_group_ids": [],
                "source_port_range": "*",
                "source_port_ranges": []
              },
              {
                "access": "Allow",
                "description": "",
                "destination_address_prefix": "*",
                "destination_address_prefixes": [],
                "destination_application_security_group_ids": [],
                "destination_port_range": "8080",
                "destination_port_ranges": [],
                "direction": "Inbound",
                "name": "HTTP",
                "priority": 300,
                "protocol": "Tcp",
                "source_address_prefix": "*",
                "source_address_prefixes": [],
                "source_application_security_group_ids": [],
                "source_port_range": "*",
                "source_port_ranges": []
              }
            ],
            "tags": {
              "environment": "staging"
            }
          },
          "private": "bnVsbA==",
          "depends_on": [
            "azurerm_resource_group.main"
          ]
        }
      ]
    },
    {
      "mode": "managed",
      "type": "azurerm_public_ip",
      "name": "main",
      "provider": "provider.azurerm",
      "instances": [
        {
          "schema_version": 0,
          "attributes": {
            "allocation_method": "Dynamic",
            "domain_name_label": "allan-280619105343",
            "fqdn": "allan-280619105343.uksouth.cloudapp.azure.com",
            "id": "/subscriptions/915e00c1-76da-4e21-ab49-53bb8104f3ba/resourceGroups/vmACex-resources/providers/Microsoft.Network/publicIPAddresses/myPublicIP",
            "idle_timeout_in_minutes": 4,
            "ip_address": "",
            "ip_version": "IPv4",
            "location": "uksouth",
            "name": "myPublicIP",
            "public_ip_address_allocation": "Dynamic",
            "public_ip_prefix_id": null,
            "resource_group_name": "vmACex-resources",
            "reverse_fqdn": "",
            "sku": "Basic",
            "tags": {
              "environment": "staging"
            },
            "zones": null
          },
          "private": "bnVsbA==",
          "depends_on": [
            "azurerm_resource_group.main"
          ]
        }
      ]
    },
    {
      "mode": "managed",
      "type": "azurerm_resource_group",
      "name": "main",
      "provider": "provider.azurerm",
      "instances": [
        {
          "schema_version": 0,
          "attributes": {
            "id": "/subscriptions/915e00c1-76da-4e21-ab49-53bb8104f3ba/resourceGroups/vmACex-resources",
            "location": "uksouth",
            "name": "vmACex-resources",
            "tags": {}
          },
          "private": "bnVsbA=="
        }
      ]
    },
    {
      "mode": "managed",
      "type": "azurerm_subnet",
      "name": "internal",
      "provider": "provider.azurerm",
      "instances": [
        {
          "schema_version": 0,
          "attributes": {
            "address_prefix": "10.0.2.0/24",
            "delegation": [],
            "id": "/subscriptions/915e00c1-76da-4e21-ab49-53bb8104f3ba/resourceGroups/vmACex-resources/providers/Microsoft.Network/virtualNetworks/vmACex-network/subnets/internal",
            "ip_configurations": [],
            "name": "internal",
            "network_security_group_id": "",
            "resource_group_name": "vmACex-resources",
            "route_table_id": "",
            "service_endpoints": null,
            "virtual_network_name": "vmACex-network"
          },
          "private": "bnVsbA==",
          "depends_on": [
            "azurerm_resource_group.main",
            "azurerm_virtual_network.main"
          ]
        }
      ]
    },
    {
      "mode": "managed",
      "type": "azurerm_virtual_machine",
      "name": "main",
      "provider": "provider.azurerm",
      "instances": [
        {
          "schema_version": 0,
          "attributes": {
            "availability_set_id": null,
            "boot_diagnostics": [],
            "delete_data_disks_on_termination": false,
            "delete_os_disk_on_termination": false,
            "id": "/subscriptions/915e00c1-76da-4e21-ab49-53bb8104f3ba/resourceGroups/vmACex-resources/providers/Microsoft.Compute/virtualMachines/vmACex-vm",
            "identity": [],
            "license_type": null,
            "location": "uksouth",
            "name": "vmACex-vm",
            "network_interface_ids": [
              "/subscriptions/915e00c1-76da-4e21-ab49-53bb8104f3ba/resourceGroups/vmACex-resources/providers/Microsoft.Network/networkInterfaces/vmACex-nic"
            ],
            "os_profile": [
              {
                "admin_password": "",
                "admin_username": "jenkins",
                "computer_name": "jenkinsVM",
                "custom_data": ""
              }
            ],
            "os_profile_linux_config": [
              {
                "disable_password_authentication": true,
                "ssh_keys": [
                  {
                    "key_data": "ssh-rsa AAAAB3NzaC1yc2EAAAADAQABAAABAQDjg133h8+qwEM378aXD5Byh05pqBbRMsDcqZqAi+ByO7lA2fR54yK4tlafe+N7ArbTY4uvfHLVe8mk97yh60ZbDmQzm0gJsJcgSW6ZckquGtPcjfke3EpmCv9uKwYqULdYsFLhlKxZ40UP8kNI1u5RPwRzp/mcm9hEvJs71Fxs+8+yrS8LgHiirSNjObINgTh4eVXvpnb5LomdTq78sAFbKMngkddXLJjNUOap3JaXScfqKnEmcvvSxH9dBW5PZPCimKvxSmdj9IgraSO6AvXaRRFsey1rYMN4e3pItcbSAeA87aOdCnqG93NF+BNvN5umRW1ZvVthKegBCF8MK/+L al@al-VirtualBox\n",
                    "path": "/home/jenkins/.ssh/authorized_keys"
                  }
                ]
              }
            ],
            "os_profile_secrets": [],
            "os_profile_windows_config": [],
            "plan": [],
            "primary_network_interface_id": null,
            "resource_group_name": "vmACex-resources",
            "storage_data_disk": [],
            "storage_image_reference": [
              {
                "id": "",
                "offer": "UbuntuServer",
                "publisher": "Canonical",
                "sku": "16.04-LTS",
                "version": "latest"
              }
            ],
            "storage_os_disk": [
              {
                "caching": "ReadWrite",
                "create_option": "FromImage",
                "disk_size_gb": 30,
                "image_uri": "",
                "managed_disk_id": "/subscriptions/915e00c1-76da-4e21-ab49-53bb8104f3ba/resourceGroups/vmACex-resources/providers/Microsoft.Compute/disks/myosdisk1",
                "managed_disk_type": "Standard_LRS",
                "name": "myosdisk1",
                "os_type": "Linux",
                "vhd_uri": "",
                "write_accelerator_enabled": false
              }
            ],
            "tags": {
              "environment": "staging"
            },
            "vm_size": "Standard_DS1_v2",
            "zones": null
          },
          "private": "bnVsbA==",
          "depends_on": [
            "azurerm_network_interface.main",
            "azurerm_public_ip.main",
            "azurerm_resource_group.main"
          ]
        }
      ]
    },
    {
      "mode": "managed",
      "type": "azurerm_virtual_network",
      "name": "main",
      "provider": "provider.azurerm",
      "instances": [
        {
          "schema_version": 0,
          "attributes": {
            "address_space": [
              "10.0.0.0/16"
            ],
            "ddos_protection_plan": [],
            "dns_servers": null,
            "id": "/subscriptions/915e00c1-76da-4e21-ab49-53bb8104f3ba/resourceGroups/vmACex-resources/providers/Microsoft.Network/virtualNetworks/vmACex-network",
            "location": "uksouth",
            "name": "vmACex-network",
            "resource_group_name": "vmACex-resources",
            "subnet": [],
            "tags": {}
          },
          "private": "bnVsbA==",
          "depends_on": [
            "azurerm_resource_group.main"
          ]
        }
      ]
    }
  ]
}
